// !$*UTF8*$!
{
	archiveVersion = 1;
	classes = {
	};
	objectVersion = 56;
	objects = {

/* Begin PBXBuildFile section */
		4C33FF2E2A75A2640002E765 /* UIColor+ext.swift in Sources */ = {isa = PBXBuildFile; fileRef = 4C33FF2D2A75A2640002E765 /* UIColor+ext.swift */; };
		4C33FF332A75A3F40002E765 /* DS.swift in Sources */ = {isa = PBXBuildFile; fileRef = 4C33FF322A75A3F40002E765 /* DS.swift */; };
		4C33FF352A75A4550002E765 /* DS+Colors.swift in Sources */ = {isa = PBXBuildFile; fileRef = 4C33FF342A75A4550002E765 /* DS+Colors.swift */; };
		4C3862A42A758819005C9C3B /* AppDelegate.swift in Sources */ = {isa = PBXBuildFile; fileRef = 4C3862A32A758819005C9C3B /* AppDelegate.swift */; };
		4C3862A62A758819005C9C3B /* SceneDelegate.swift in Sources */ = {isa = PBXBuildFile; fileRef = 4C3862A52A758819005C9C3B /* SceneDelegate.swift */; };
		4C3862A82A758819005C9C3B /* LoginViewController.swift in Sources */ = {isa = PBXBuildFile; fileRef = 4C3862A72A758819005C9C3B /* LoginViewController.swift */; };
		4C3862AD2A75881C005C9C3B /* Assets.xcassets in Resources */ = {isa = PBXBuildFile; fileRef = 4C3862AC2A75881C005C9C3B /* Assets.xcassets */; };
		4C3862B02A75881C005C9C3B /* LaunchScreen.storyboard in Resources */ = {isa = PBXBuildFile; fileRef = 4C3862AE2A75881C005C9C3B /* LaunchScreen.storyboard */; };
		A45455A32AE0541B00E8C4D9 /* CustomTextField.swift in Sources */ = {isa = PBXBuildFile; fileRef = A45455A22AE0541B00E8C4D9 /* CustomTextField.swift */; };
		A45455AA2AE054E800E8C4D9 /* Roboto-Bold.ttf in Resources */ = {isa = PBXBuildFile; fileRef = A45455A72AE054E700E8C4D9 /* Roboto-Bold.ttf */; };
		A45455AB2AE054E800E8C4D9 /* Roboto-Medium.ttf in Resources */ = {isa = PBXBuildFile; fileRef = A45455A82AE054E800E8C4D9 /* Roboto-Medium.ttf */; };
		A45455AC2AE054E800E8C4D9 /* Roboto-Regular.ttf in Resources */ = {isa = PBXBuildFile; fileRef = A45455A92AE054E800E8C4D9 /* Roboto-Regular.ttf */; };
		A45455AE2AE0554C00E8C4D9 /* UIFont+ext.swift in Sources */ = {isa = PBXBuildFile; fileRef = A45455AD2AE0554C00E8C4D9 /* UIFont+ext.swift */; };
		A45455B02AE0564600E8C4D9 /* CustomButton.swift in Sources */ = {isa = PBXBuildFile; fileRef = A45455AF2AE0564600E8C4D9 /* CustomButton.swift */; };
		A49E55012AE2ADD4001A4116 /* LoginView.swift in Sources */ = {isa = PBXBuildFile; fileRef = A49E55002AE2ADD4001A4116 /* LoginView.swift */; };
		A49E55032AE2ADDE001A4116 /* LoginViewModel.swift in Sources */ = {isa = PBXBuildFile; fileRef = A49E55022AE2ADDE001A4116 /* LoginViewModel.swift */; };
		A49E55072AE2ADFA001A4116 /* LoginCoordinator.swift in Sources */ = {isa = PBXBuildFile; fileRef = A49E55062AE2ADFA001A4116 /* LoginCoordinator.swift */; };
		A49E550A2AE2EFD1001A4116 /* SignUPView.swift in Sources */ = {isa = PBXBuildFile; fileRef = A49E55092AE2EFD1001A4116 /* SignUPView.swift */; };
		A49E550C2AE2EFE1001A4116 /* SignUPViewModel.swift in Sources */ = {isa = PBXBuildFile; fileRef = A49E550B2AE2EFE1001A4116 /* SignUPViewModel.swift */; };
		A49E550E2AE2EFF1001A4116 /* SignUPViewController.swift in Sources */ = {isa = PBXBuildFile; fileRef = A49E550D2AE2EFF1001A4116 /* SignUPViewController.swift */; };
		A49E55102AE2F003001A4116 /* SignUPCoordinator.swift in Sources */ = {isa = PBXBuildFile; fileRef = A49E550F2AE2F003001A4116 /* SignUPCoordinator.swift */; };
		A4E5A6792AE15F95007C450B /* Coordinator.swift in Sources */ = {isa = PBXBuildFile; fileRef = A4E5A6782AE15F95007C450B /* Coordinator.swift */; };
		A4E5A67B2AE1600D007C450B /* MainCoordinator.swift in Sources */ = {isa = PBXBuildFile; fileRef = A4E5A67A2AE1600D007C450B /* MainCoordinator.swift */; };
/* End PBXBuildFile section */

/* Begin PBXFileReference section */
		4C33FF2D2A75A2640002E765 /* UIColor+ext.swift */ = {isa = PBXFileReference; lastKnownFileType = sourcecode.swift; path = "UIColor+ext.swift"; sourceTree = "<group>"; };
		4C33FF322A75A3F40002E765 /* DS.swift */ = {isa = PBXFileReference; lastKnownFileType = sourcecode.swift; path = DS.swift; sourceTree = "<group>"; };
		4C33FF342A75A4550002E765 /* DS+Colors.swift */ = {isa = PBXFileReference; lastKnownFileType = sourcecode.swift; path = "DS+Colors.swift"; sourceTree = "<group>"; };
		4C33FF452A760A030002E765 /* Material */ = {isa = PBXFileReference; lastKnownFileType = folder; path = Material; sourceTree = "<group>"; };
		4C3862A02A758819005C9C3B /* DevPoliChallenge.app */ = {isa = PBXFileReference; explicitFileType = wrapper.application; includeInIndex = 0; path = DevPoliChallenge.app; sourceTree = BUILT_PRODUCTS_DIR; };
		4C3862A32A758819005C9C3B /* AppDelegate.swift */ = {isa = PBXFileReference; lastKnownFileType = sourcecode.swift; path = AppDelegate.swift; sourceTree = "<group>"; };
		4C3862A52A758819005C9C3B /* SceneDelegate.swift */ = {isa = PBXFileReference; lastKnownFileType = sourcecode.swift; path = SceneDelegate.swift; sourceTree = "<group>"; };
		4C3862A72A758819005C9C3B /* LoginViewController.swift */ = {isa = PBXFileReference; lastKnownFileType = sourcecode.swift; path = LoginViewController.swift; sourceTree = "<group>"; };
		4C3862AC2A75881C005C9C3B /* Assets.xcassets */ = {isa = PBXFileReference; lastKnownFileType = folder.assetcatalog; path = Assets.xcassets; sourceTree = "<group>"; };
		4C3862AF2A75881C005C9C3B /* Base */ = {isa = PBXFileReference; lastKnownFileType = file.storyboard; name = Base; path = Base.lproj/LaunchScreen.storyboard; sourceTree = "<group>"; };
		4C3862B12A75881C005C9C3B /* Info.plist */ = {isa = PBXFileReference; lastKnownFileType = text.plist.xml; path = Info.plist; sourceTree = "<group>"; };
		A45455A22AE0541B00E8C4D9 /* CustomTextField.swift */ = {isa = PBXFileReference; lastKnownFileType = sourcecode.swift; path = CustomTextField.swift; sourceTree = "<group>"; };
		A45455A72AE054E700E8C4D9 /* Roboto-Bold.ttf */ = {isa = PBXFileReference; lastKnownFileType = file; path = "Roboto-Bold.ttf"; sourceTree = "<group>"; };
		A45455A82AE054E800E8C4D9 /* Roboto-Medium.ttf */ = {isa = PBXFileReference; lastKnownFileType = file; path = "Roboto-Medium.ttf"; sourceTree = "<group>"; };
		A45455A92AE054E800E8C4D9 /* Roboto-Regular.ttf */ = {isa = PBXFileReference; lastKnownFileType = file; path = "Roboto-Regular.ttf"; sourceTree = "<group>"; };
		A45455AD2AE0554C00E8C4D9 /* UIFont+ext.swift */ = {isa = PBXFileReference; lastKnownFileType = sourcecode.swift; path = "UIFont+ext.swift"; sourceTree = "<group>"; };
		A45455AF2AE0564600E8C4D9 /* CustomButton.swift */ = {isa = PBXFileReference; lastKnownFileType = sourcecode.swift; path = CustomButton.swift; sourceTree = "<group>"; };
		A49E55002AE2ADD4001A4116 /* LoginView.swift */ = {isa = PBXFileReference; lastKnownFileType = sourcecode.swift; path = LoginView.swift; sourceTree = "<group>"; };
		A49E55022AE2ADDE001A4116 /* LoginViewModel.swift */ = {isa = PBXFileReference; lastKnownFileType = sourcecode.swift; path = LoginViewModel.swift; sourceTree = "<group>"; };
		A49E55062AE2ADFA001A4116 /* LoginCoordinator.swift */ = {isa = PBXFileReference; lastKnownFileType = sourcecode.swift; path = LoginCoordinator.swift; sourceTree = "<group>"; };
		A49E55092AE2EFD1001A4116 /* SignUPView.swift */ = {isa = PBXFileReference; lastKnownFileType = sourcecode.swift; path = SignUPView.swift; sourceTree = "<group>"; };
		A49E550B2AE2EFE1001A4116 /* SignUPViewModel.swift */ = {isa = PBXFileReference; lastKnownFileType = sourcecode.swift; path = SignUPViewModel.swift; sourceTree = "<group>"; };
		A49E550D2AE2EFF1001A4116 /* SignUPViewController.swift */ = {isa = PBXFileReference; lastKnownFileType = sourcecode.swift; path = SignUPViewController.swift; sourceTree = "<group>"; };
		A49E550F2AE2F003001A4116 /* SignUPCoordinator.swift */ = {isa = PBXFileReference; lastKnownFileType = sourcecode.swift; path = SignUPCoordinator.swift; sourceTree = "<group>"; };
		A4E5A6782AE15F95007C450B /* Coordinator.swift */ = {isa = PBXFileReference; lastKnownFileType = sourcecode.swift; path = Coordinator.swift; sourceTree = "<group>"; };
		A4E5A67A2AE1600D007C450B /* MainCoordinator.swift */ = {isa = PBXFileReference; lastKnownFileType = sourcecode.swift; path = MainCoordinator.swift; sourceTree = "<group>"; };
/* End PBXFileReference section */

/* Begin PBXFrameworksBuildPhase section */
		4C38629D2A758819005C9C3B /* Frameworks */ = {
			isa = PBXFrameworksBuildPhase;
			buildActionMask = 2147483647;
			files = (
			);
			runOnlyForDeploymentPostprocessing = 0;
		};
/* End PBXFrameworksBuildPhase section */

/* Begin PBXGroup section */
		4C33FF2C2A75A2560002E765 /* Utils */ = {
			isa = PBXGroup;
			children = (
				4C33FF2D2A75A2640002E765 /* UIColor+ext.swift */,
				A45455AD2AE0554C00E8C4D9 /* UIFont+ext.swift */,
			);
			path = Utils;
			sourceTree = "<group>";
		};
		4C33FF2F2A75A3810002E765 /* DesignSystem */ = {
			isa = PBXGroup;
			children = (
				4C33FF342A75A4550002E765 /* DS+Colors.swift */,
				4C33FF322A75A3F40002E765 /* DS.swift */,
			);
			path = DesignSystem;
			sourceTree = "<group>";
		};
		4C3862972A758819005C9C3B = {
			isa = PBXGroup;
			children = (
				4C33FF452A760A030002E765 /* Material */,
				4C3862A22A758819005C9C3B /* DevPoliChallenge */,
				4C3862A12A758819005C9C3B /* Products */,
			);
			sourceTree = "<group>";
		};
		4C3862A12A758819005C9C3B /* Products */ = {
			isa = PBXGroup;
			children = (
				4C3862A02A758819005C9C3B /* DevPoliChallenge.app */,
			);
			name = Products;
			sourceTree = "<group>";
		};
		4C3862A22A758819005C9C3B /* DevPoliChallenge */ = {
			isa = PBXGroup;
			children = (
				4C33FF2F2A75A3810002E765 /* DesignSystem */,
				4C33FF2C2A75A2560002E765 /* Utils */,
				A45455A52AE054C500E8C4D9 /* Fonts */,
				A45455A42AE0547200E8C4D9 /* Components */,
				4C3862B92A758A98005C9C3B /* Features */,
				4C3862B82A758A36005C9C3B /* Resources */,
				4C3862B72A758A2A005C9C3B /* App */,
			);
			path = DevPoliChallenge;
			sourceTree = "<group>";
		};
		4C3862B72A758A2A005C9C3B /* App */ = {
			isa = PBXGroup;
			children = (
				4C3862A32A758819005C9C3B /* AppDelegate.swift */,
				4C3862A52A758819005C9C3B /* SceneDelegate.swift */,
			);
			path = App;
			sourceTree = "<group>";
		};
		4C3862B82A758A36005C9C3B /* Resources */ = {
			isa = PBXGroup;
			children = (
				4C3862AE2A75881C005C9C3B /* LaunchScreen.storyboard */,
				4C3862AC2A75881C005C9C3B /* Assets.xcassets */,
				4C3862B12A75881C005C9C3B /* Info.plist */,
			);
			path = Resources;
			sourceTree = "<group>";
		};
		4C3862B92A758A98005C9C3B /* Features */ = {
			isa = PBXGroup;
			children = (
				A49E54FF2AE2ADC2001A4116 /* Login */,
				A49E55082AE2EFB2001A4116 /* SignUP */,
				A4E5A67A2AE1600D007C450B /* MainCoordinator.swift */,
				A4E5A6772AE15F85007C450B /* Protocols */,
				A45455A12AE053FA00E8C4D9 /* Views */,
			);
			path = Features;
			sourceTree = "<group>";
		};
		A45455A12AE053FA00E8C4D9 /* Views */ = {
			isa = PBXGroup;
			children = (
			);
			path = Views;
			sourceTree = "<group>";
		};
		A45455A42AE0547200E8C4D9 /* Components */ = {
			isa = PBXGroup;
			children = (
				A45455A22AE0541B00E8C4D9 /* CustomTextField.swift */,
				A45455AF2AE0564600E8C4D9 /* CustomButton.swift */,
			);
			path = Components;
			sourceTree = "<group>";
		};
		A45455A52AE054C500E8C4D9 /* Fonts */ = {
			isa = PBXGroup;
			children = (
				A45455A62AE054D300E8C4D9 /* Roboto */,
			);
			path = Fonts;
			sourceTree = "<group>";
		};
		A45455A62AE054D300E8C4D9 /* Roboto */ = {
			isa = PBXGroup;
			children = (
				A45455A72AE054E700E8C4D9 /* Roboto-Bold.ttf */,
				A45455A82AE054E800E8C4D9 /* Roboto-Medium.ttf */,
				A45455A92AE054E800E8C4D9 /* Roboto-Regular.ttf */,
			);
			path = Roboto;
			sourceTree = "<group>";
		};
		A49E54FF2AE2ADC2001A4116 /* Login */ = {
			isa = PBXGroup;
			children = (
				A49E55002AE2ADD4001A4116 /* LoginView.swift */,
				4C3862A72A758819005C9C3B /* LoginViewController.swift */,
				A49E55022AE2ADDE001A4116 /* LoginViewModel.swift */,
				A49E55062AE2ADFA001A4116 /* LoginCoordinator.swift */,
			);
			path = Login;
			sourceTree = "<group>";
		};
		A49E55082AE2EFB2001A4116 /* SignUP */ = {
			isa = PBXGroup;
			children = (
				A49E55092AE2EFD1001A4116 /* SignUPView.swift */,
				A49E550B2AE2EFE1001A4116 /* SignUPViewModel.swift */,
				A49E550D2AE2EFF1001A4116 /* SignUPViewController.swift */,
				A49E550F2AE2F003001A4116 /* SignUPCoordinator.swift */,
			);
			path = SignUP;
			sourceTree = "<group>";
		};
		A4E5A6772AE15F85007C450B /* Protocols */ = {
			isa = PBXGroup;
			children = (
				A4E5A6782AE15F95007C450B /* Coordinator.swift */,
			);
			path = Protocols;
			sourceTree = "<group>";
		};
/* End PBXGroup section */

/* Begin PBXNativeTarget section */
		4C38629F2A758819005C9C3B /* DevPoliChallenge */ = {
			isa = PBXNativeTarget;
			buildConfigurationList = 4C3862B42A75881C005C9C3B /* Build configuration list for PBXNativeTarget "DevPoliChallenge" */;
			buildPhases = (
				4C38629C2A758819005C9C3B /* Sources */,
				4C38629D2A758819005C9C3B /* Frameworks */,
				4C38629E2A758819005C9C3B /* Resources */,
				A45455A02AE0157F00E8C4D9 /* ShellScript */,
			);
			buildRules = (
			);
			dependencies = (
			);
			name = DevPoliChallenge;
			productName = DevPoliChallenge;
			productReference = 4C3862A02A758819005C9C3B /* DevPoliChallenge.app */;
			productType = "com.apple.product-type.application";
		};
/* End PBXNativeTarget section */

/* Begin PBXProject section */
		4C3862982A758819005C9C3B /* Project object */ = {
			isa = PBXProject;
			attributes = {
				BuildIndependentTargetsInParallel = 1;
				LastSwiftUpdateCheck = 1430;
				LastUpgradeCheck = 1500;
				ORGANIZATIONNAME = DevPoli;
				TargetAttributes = {
					4C38629F2A758819005C9C3B = {
						CreatedOnToolsVersion = 14.3.1;
					};
				};
			};
			buildConfigurationList = 4C38629B2A758819005C9C3B /* Build configuration list for PBXProject "DevPoliChallenge" */;
			compatibilityVersion = "Xcode 14.0";
			developmentRegion = en;
			hasScannedForEncodings = 0;
			knownRegions = (
				en,
				Base,
			);
			mainGroup = 4C3862972A758819005C9C3B;
			productRefGroup = 4C3862A12A758819005C9C3B /* Products */;
			projectDirPath = "";
			projectRoot = "";
			targets = (
				4C38629F2A758819005C9C3B /* DevPoliChallenge */,
			);
		};
/* End PBXProject section */

/* Begin PBXResourcesBuildPhase section */
		4C38629E2A758819005C9C3B /* Resources */ = {
			isa = PBXResourcesBuildPhase;
			buildActionMask = 2147483647;
			files = (
				A45455AB2AE054E800E8C4D9 /* Roboto-Medium.ttf in Resources */,
				4C3862B02A75881C005C9C3B /* LaunchScreen.storyboard in Resources */,
				A45455AC2AE054E800E8C4D9 /* Roboto-Regular.ttf in Resources */,
				4C3862AD2A75881C005C9C3B /* Assets.xcassets in Resources */,
				A45455AA2AE054E800E8C4D9 /* Roboto-Bold.ttf in Resources */,
			);
			runOnlyForDeploymentPostprocessing = 0;
		};
/* End PBXResourcesBuildPhase section */

/* Begin PBXShellScriptBuildPhase section */
		A45455A02AE0157F00E8C4D9 /* ShellScript */ = {
			isa = PBXShellScriptBuildPhase;
			buildActionMask = 2147483647;
			files = (
			);
			inputFileListPaths = (
			);
			inputPaths = (
			);
			outputFileListPaths = (
			);
			outputPaths = (
			);
			runOnlyForDeploymentPostprocessing = 0;
			shellPath = /bin/sh;
			shellScript = "if which swiftlint >/dev/null; then\nswiftlint\nelse\necho \"warning: Swiftlint not installed, download from https://github.com/realm/SwiftLint\"\nfi\n";
		};
/* End PBXShellScriptBuildPhase section */

/* Begin PBXSourcesBuildPhase section */
		4C38629C2A758819005C9C3B /* Sources */ = {
			isa = PBXSourcesBuildPhase;
			buildActionMask = 2147483647;
			files = (
				4C3862A82A758819005C9C3B /* LoginViewController.swift in Sources */,
				A45455A32AE0541B00E8C4D9 /* CustomTextField.swift in Sources */,
				A49E550C2AE2EFE1001A4116 /* SignUPViewModel.swift in Sources */,
				A4E5A6792AE15F95007C450B /* Coordinator.swift in Sources */,
				A49E55102AE2F003001A4116 /* SignUPCoordinator.swift in Sources */,
				A49E550E2AE2EFF1001A4116 /* SignUPViewController.swift in Sources */,
				A45455B02AE0564600E8C4D9 /* CustomButton.swift in Sources */,
				4C33FF352A75A4550002E765 /* DS+Colors.swift in Sources */,
				A4E5A67B2AE1600D007C450B /* MainCoordinator.swift in Sources */,
				A49E55032AE2ADDE001A4116 /* LoginViewModel.swift in Sources */,
				4C33FF332A75A3F40002E765 /* DS.swift in Sources */,
				A45455AE2AE0554C00E8C4D9 /* UIFont+ext.swift in Sources */,
				4C33FF2E2A75A2640002E765 /* UIColor+ext.swift in Sources */,
				A49E550A2AE2EFD1001A4116 /* SignUPView.swift in Sources */,
				4C3862A42A758819005C9C3B /* AppDelegate.swift in Sources */,
				A49E55012AE2ADD4001A4116 /* LoginView.swift in Sources */,
				A49E55072AE2ADFA001A4116 /* LoginCoordinator.swift in Sources */,
				4C3862A62A758819005C9C3B /* SceneDelegate.swift in Sources */,
			);
			runOnlyForDeploymentPostprocessing = 0;
		};
/* End PBXSourcesBuildPhase section */

/* Begin PBXVariantGroup section */
		4C3862AE2A75881C005C9C3B /* LaunchScreen.storyboard */ = {
			isa = PBXVariantGroup;
			children = (
				4C3862AF2A75881C005C9C3B /* Base */,
			);
			name = LaunchScreen.storyboard;
			sourceTree = "<group>";
		};
/* End PBXVariantGroup section */

/* Begin XCBuildConfiguration section */
		4C3862B22A75881C005C9C3B /* Debug */ = {
			isa = XCBuildConfiguration;
			buildSettings = {
				ALWAYS_SEARCH_USER_PATHS = NO;
				CLANG_ANALYZER_NONNULL = YES;
				CLANG_ANALYZER_NUMBER_OBJECT_CONVERSION = YES_AGGRESSIVE;
				CLANG_CXX_LANGUAGE_STANDARD = "gnu++20";
				CLANG_ENABLE_MODULES = YES;
				CLANG_ENABLE_OBJC_ARC = YES;
				CLANG_ENABLE_OBJC_WEAK = YES;
				CLANG_WARN_BLOCK_CAPTURE_AUTORELEASING = YES;
				CLANG_WARN_BOOL_CONVERSION = YES;
				CLANG_WARN_COMMA = YES;
				CLANG_WARN_CONSTANT_CONVERSION = YES;
				CLANG_WARN_DEPRECATED_OBJC_IMPLEMENTATIONS = YES;
				CLANG_WARN_DIRECT_OBJC_ISA_USAGE = YES_ERROR;
				CLANG_WARN_DOCUMENTATION_COMMENTS = YES;
				CLANG_WARN_EMPTY_BODY = YES;
				CLANG_WARN_ENUM_CONVERSION = YES;
				CLANG_WARN_INFINITE_RECURSION = YES;
				CLANG_WARN_INT_CONVERSION = YES;
				CLANG_WARN_NON_LITERAL_NULL_CONVERSION = YES;
				CLANG_WARN_OBJC_IMPLICIT_RETAIN_SELF = YES;
				CLANG_WARN_OBJC_LITERAL_CONVERSION = YES;
				CLANG_WARN_OBJC_ROOT_CLASS = YES_ERROR;
				CLANG_WARN_QUOTED_INCLUDE_IN_FRAMEWORK_HEADER = YES;
				CLANG_WARN_RANGE_LOOP_ANALYSIS = YES;
				CLANG_WARN_STRICT_PROTOTYPES = YES;
				CLANG_WARN_SUSPICIOUS_MOVE = YES;
				CLANG_WARN_UNGUARDED_AVAILABILITY = YES_AGGRESSIVE;
				CLANG_WARN_UNREACHABLE_CODE = YES;
				CLANG_WARN__DUPLICATE_METHOD_MATCH = YES;
				COPY_PHASE_STRIP = NO;
				DEBUG_INFORMATION_FORMAT = dwarf;
				ENABLE_STRICT_OBJC_MSGSEND = YES;
				ENABLE_TESTABILITY = YES;
				ENABLE_USER_SCRIPT_SANDBOXING = YES;
				GCC_C_LANGUAGE_STANDARD = gnu11;
				GCC_DYNAMIC_NO_PIC = NO;
				GCC_NO_COMMON_BLOCKS = YES;
				GCC_OPTIMIZATION_LEVEL = 0;
				GCC_PREPROCESSOR_DEFINITIONS = (
					"DEBUG=1",
					"$(inherited)",
				);
				GCC_WARN_64_TO_32_BIT_CONVERSION = YES;
				GCC_WARN_ABOUT_RETURN_TYPE = YES_ERROR;
				GCC_WARN_UNDECLARED_SELECTOR = YES;
				GCC_WARN_UNINITIALIZED_AUTOS = YES_AGGRESSIVE;
				GCC_WARN_UNUSED_FUNCTION = YES;
				GCC_WARN_UNUSED_VARIABLE = YES;
				IPHONEOS_DEPLOYMENT_TARGET = 16.4;
				MTL_ENABLE_DEBUG_INFO = INCLUDE_SOURCE;
				MTL_FAST_MATH = YES;
				ONLY_ACTIVE_ARCH = YES;
				SDKROOT = iphoneos;
				SWIFT_ACTIVE_COMPILATION_CONDITIONS = DEBUG;
				SWIFT_OPTIMIZATION_LEVEL = "-Onone";
			};
			name = Debug;
		};
		4C3862B32A75881C005C9C3B /* Release */ = {
			isa = XCBuildConfiguration;
			buildSettings = {
				ALWAYS_SEARCH_USER_PATHS = NO;
				CLANG_ANALYZER_NONNULL = YES;
				CLANG_ANALYZER_NUMBER_OBJECT_CONVERSION = YES_AGGRESSIVE;
				CLANG_CXX_LANGUAGE_STANDARD = "gnu++20";
				CLANG_ENABLE_MODULES = YES;
				CLANG_ENABLE_OBJC_ARC = YES;
				CLANG_ENABLE_OBJC_WEAK = YES;
				CLANG_WARN_BLOCK_CAPTURE_AUTORELEASING = YES;
				CLANG_WARN_BOOL_CONVERSION = YES;
				CLANG_WARN_COMMA = YES;
				CLANG_WARN_CONSTANT_CONVERSION = YES;
				CLANG_WARN_DEPRECATED_OBJC_IMPLEMENTATIONS = YES;
				CLANG_WARN_DIRECT_OBJC_ISA_USAGE = YES_ERROR;
				CLANG_WARN_DOCUMENTATION_COMMENTS = YES;
				CLANG_WARN_EMPTY_BODY = YES;
				CLANG_WARN_ENUM_CONVERSION = YES;
				CLANG_WARN_INFINITE_RECURSION = YES;
				CLANG_WARN_INT_CONVERSION = YES;
				CLANG_WARN_NON_LITERAL_NULL_CONVERSION = YES;
				CLANG_WARN_OBJC_IMPLICIT_RETAIN_SELF = YES;
				CLANG_WARN_OBJC_LITERAL_CONVERSION = YES;
				CLANG_WARN_OBJC_ROOT_CLASS = YES_ERROR;
				CLANG_WARN_QUOTED_INCLUDE_IN_FRAMEWORK_HEADER = YES;
				CLANG_WARN_RANGE_LOOP_ANALYSIS = YES;
				CLANG_WARN_STRICT_PROTOTYPES = YES;
				CLANG_WARN_SUSPICIOUS_MOVE = YES;
				CLANG_WARN_UNGUARDED_AVAILABILITY = YES_AGGRESSIVE;
				CLANG_WARN_UNREACHABLE_CODE = YES;
				CLANG_WARN__DUPLICATE_METHOD_MATCH = YES;
				COPY_PHASE_STRIP = NO;
				DEBUG_INFORMATION_FORMAT = "dwarf-with-dsym";
				ENABLE_NS_ASSERTIONS = NO;
				ENABLE_STRICT_OBJC_MSGSEND = YES;
				ENABLE_USER_SCRIPT_SANDBOXING = YES;
				GCC_C_LANGUAGE_STANDARD = gnu11;
				GCC_NO_COMMON_BLOCKS = YES;
				GCC_WARN_64_TO_32_BIT_CONVERSION = YES;
				GCC_WARN_ABOUT_RETURN_TYPE = YES_ERROR;
				GCC_WARN_UNDECLARED_SELECTOR = YES;
				GCC_WARN_UNINITIALIZED_AUTOS = YES_AGGRESSIVE;
				GCC_WARN_UNUSED_FUNCTION = YES;
				GCC_WARN_UNUSED_VARIABLE = YES;
				IPHONEOS_DEPLOYMENT_TARGET = 16.4;
				MTL_ENABLE_DEBUG_INFO = NO;
				MTL_FAST_MATH = YES;
				SDKROOT = iphoneos;
				SWIFT_COMPILATION_MODE = wholemodule;
				SWIFT_OPTIMIZATION_LEVEL = "-O";
				VALIDATE_PRODUCT = YES;
			};
			name = Release;
		};
		4C3862B52A75881C005C9C3B /* Debug */ = {
			isa = XCBuildConfiguration;
			buildSettings = {
				ASSETCATALOG_COMPILER_APPICON_NAME = AppIcon;
				ASSETCATALOG_COMPILER_GLOBAL_ACCENT_COLOR_NAME = AccentColor;
				ASSETCATALOG_COMPILER_INCLUDE_ALL_APPICON_ASSETS = YES;
				CODE_SIGN_STYLE = Automatic;
				CURRENT_PROJECT_VERSION = 2023;
				ENABLE_USER_SCRIPT_SANDBOXING = NO;
				GENERATE_INFOPLIST_FILE = YES;
				INFOPLIST_FILE = DevPoliChallenge/Resources/Info.plist;
				INFOPLIST_KEY_CFBundleDisplayName = "DevPoli Challenge";
				INFOPLIST_KEY_LSApplicationCategoryType = "public.app-category.education";
				INFOPLIST_KEY_UIApplicationSupportsIndirectInputEvents = YES;
				INFOPLIST_KEY_UILaunchStoryboardName = LaunchScreen.storyboard;
				INFOPLIST_KEY_UISupportedInterfaceOrientations = UIInterfaceOrientationPortrait;
				INFOPLIST_KEY_UISupportedInterfaceOrientations_iPad = "UIInterfaceOrientationPortrait UIInterfaceOrientationPortraitUpsideDown";
				IPHONEOS_DEPLOYMENT_TARGET = 14.0;
				LD_RUNPATH_SEARCH_PATHS = (
					"$(inherited)",
					"@executable_path/Frameworks",
				);
				MARKETING_VERSION = 1.0.0;
				PRODUCT_BUNDLE_IDENTIFIER = com.devpoli.DevPoliChallenge;
				PRODUCT_NAME = "$(TARGET_NAME)";
				SWIFT_EMIT_LOC_STRINGS = YES;
				SWIFT_VERSION = 5.0;
				TARGETED_DEVICE_FAMILY = "1,2";
			};
			name = Debug;
		};
		4C3862B62A75881C005C9C3B /* Release */ = {
			isa = XCBuildConfiguration;
			buildSettings = {
				ASSETCATALOG_COMPILER_APPICON_NAME = AppIcon;
				ASSETCATALOG_COMPILER_GLOBAL_ACCENT_COLOR_NAME = AccentColor;
				ASSETCATALOG_COMPILER_INCLUDE_ALL_APPICON_ASSETS = YES;
				CODE_SIGN_STYLE = Automatic;
				CURRENT_PROJECT_VERSION = 2023;
				ENABLE_USER_SCRIPT_SANDBOXING = NO;
				GENERATE_INFOPLIST_FILE = YES;
				INFOPLIST_FILE = DevPoliChallenge/Resources/Info.plist;
				INFOPLIST_KEY_CFBundleDisplayName = "DevPoli Challenge";
				INFOPLIST_KEY_LSApplicationCategoryType = "public.app-category.education";
				INFOPLIST_KEY_UIApplicationSupportsIndirectInputEvents = YES;
				INFOPLIST_KEY_UILaunchStoryboardName = LaunchScreen.storyboard;
				INFOPLIST_KEY_UISupportedInterfaceOrientations = UIInterfaceOrientationPortrait;
				INFOPLIST_KEY_UISupportedInterfaceOrientations_iPad = "UIInterfaceOrientationPortrait UIInterfaceOrientationPortraitUpsideDown";
				IPHONEOS_DEPLOYMENT_TARGET = 14.0;
				LD_RUNPATH_SEARCH_PATHS = (
					"$(inherited)",
					"@executable_path/Frameworks",
				);
				MARKETING_VERSION = 1.0.0;
				PRODUCT_BUNDLE_IDENTIFIER = com.devpoli.DevPoliChallenge;
				PRODUCT_NAME = "$(TARGET_NAME)";
				SWIFT_EMIT_LOC_STRINGS = YES;
				SWIFT_VERSION = 5.0;
				TARGETED_DEVICE_FAMILY = "1,2";
			};
			name = Release;
		};
/* End XCBuildConfiguration section */

/* Begin XCConfigurationList section */
		4C38629B2A758819005C9C3B /* Build configuration list for PBXProject "DevPoliChallenge" */ = {
			isa = XCConfigurationList;
			buildConfigurations = (
				4C3862B22A75881C005C9C3B /* Debug */,
				4C3862B32A75881C005C9C3B /* Release */,
			);
			defaultConfigurationIsVisible = 0;
			defaultConfigurationName = Release;
		};
		4C3862B42A75881C005C9C3B /* Build configuration list for PBXNativeTarget "DevPoliChallenge" */ = {
			isa = XCConfigurationList;
			buildConfigurations = (
				4C3862B52A75881C005C9C3B /* Debug */,
				4C3862B62A75881C005C9C3B /* Release */,
			);
			defaultConfigurationIsVisible = 0;
			defaultConfigurationName = Release;
		};
/* End XCConfigurationList section */
	};
	rootObject = 4C3862982A758819005C9C3B /* Project object */;
}
